
Microsoft Visual Studio Solution File, Format Version 12.00
# Visual Studio Version 16
VisualStudioVersion = 16.0.32407.337
MinimumVisualStudioVersion = 10.0.40219.1
Project("{9A19103F-16F7-4668-BE54-9A1E7A4F7556}") = "Maior ou menor de idade", "3\3\Maior ou menor de idade.csproj", "{0F288F28-0248-4357-8F2D-8FC141309CE6}"
EndProject
Project("{9A19103F-16F7-4668-BE54-9A1E7A4F7556}") = "Ano Bissexto", "Ano Bissexto\Ano Bissexto\Ano Bissexto.csproj", "{F7E2E798-85A5-47C7-AF68-DF59A85267F8}"
EndProject
Project("{9A19103F-16F7-4668-BE54-9A1E7A4F7556}") = "Calculadora", "Calculadora\Calculadora\Calculadora.csproj", "{E7C2BFC0-2ADC-4373-B7A2-82EAE59AA11B}"
EndProject
Project("{9A19103F-16F7-4668-BE54-9A1E7A4F7556}") = "Equação", "Equação\Equação\Equação.csproj", "{4F2191C4-E2D6-4667-A6F7-08DF51FB4432}"
EndProject
Project("{9A19103F-16F7-4668-BE54-9A1E7A4F7556}") = "Reajuste Salarial", "Lista 1\Lista 1\Reajuste Salarial.csproj", "{8F1C6FC8-0253-4E36-8ADA-C047355ECE38}"
EndProject
Project("{9A19103F-16F7-4668-BE54-9A1E7A4F7556}") = "media da nota de alunos", "media da nota de alunos\media da nota de alunos\media da nota de alunos.csproj", "{6A9F4509-BA26-4756-B52D-8C75A9789C4E}"
EndProject
Project("{9A19103F-16F7-4668-BE54-9A1E7A4F7556}") = "Média de nota de alunos", "nota de alunos\nota de alunos\Média de nota de alunos.csproj", "{A1BB7B77-F5D1-485B-A2D1-FE8236614E05}"
EndProject
Project("{9A19103F-16F7-4668-BE54-9A1E7A4F7556}") = "Ordem crescente", "Ordem crescente\Ordem crescente\Ordem crescente.csproj", "{AEC01DCD-1926-4EDA-895C-2771D66FC9C6}"
EndProject
Project("{9A19103F-16F7-4668-BE54-9A1E7A4F7556}") = "Taboada", "taboada\taboada\Taboada.csproj", "{7C3B0B07-A8D9-439F-9B8E-29A99315BEF5}"
EndProject
Project("{9A19103F-16F7-4668-BE54-9A1E7A4F7556}") = "Intercalar Caracteres", "Vetores - Intercalar caracteres\Vetores - Intercalar caracteres\Intercalar Caracteres.csproj", "{684E1B7D-2950-4D35-A14A-342A2DE80552}"
EndProject
Project("{9A19103F-16F7-4668-BE54-9A1E7A4F7556}") = "Elementos repetidos", "Vetores Elementos repetidos\Vetores Elementos repetidos\Elementos repetidos.csproj", "{5F105B52-1576-49A2-AF78-FC0377F91FCE}"
EndProject
Project("{9A19103F-16F7-4668-BE54-9A1E7A4F7556}") = "Media de entrada de números", "Vetores media de entrada de números\Vetores media de entrada de números\Media de entrada de números.csproj", "{0C7C2271-C5AE-4A7A-876F-29A27A22FFBD}"
EndProject
Project("{9A19103F-16F7-4668-BE54-9A1E7A4F7556}") = "Vogal ou Consoante", "Vogal ou Consoante\Vogal ou Consoante\Vogal ou Consoante.csproj", "{9791BB81-B892-4444-88B6-9BFA48C26F76}"
EndProject
Project("{9A19103F-16F7-4668-BE54-9A1E7A4F7556}") = "Valor do produto", "Vetor - valor do produto\Valor do produto.csproj", "{693AAAC3-EF40-4FCC-B5EB-19612909F05F}"
EndProject
Project("{9A19103F-16F7-4668-BE54-9A1E7A4F7556}") = "Transação bancária", "Vetor - Transação bancária\Transação bancária.csproj", "{6E598DAE-2B18-4DBB-8049-BA9F32DF3B88}"
EndProject
Project("{9A19103F-16F7-4668-BE54-9A1E7A4F7556}") = "Triângulo", "Triângulo\Triângulo.csproj", "{6F0D0343-EF34-4C7E-927F-5C4C907E9343}"
EndProject
Project("{9A19103F-16F7-4668-BE54-9A1E7A4F7556}") = "Função - Calculadora", "Função - Calculadora\Função - Calculadora.csproj", "{7AB0D874-C325-4125-B570-490DED0FD1D5}"
EndProject
Project("{9A19103F-16F7-4668-BE54-9A1E7A4F7556}") = "Função - Array 10 posições = maior valor", "Função - Array 10 posições = maior valor\Função - Array 10 posições = maior valor.csproj", "{144B4E6E-C0CF-44FC-A550-BAA36D33F06D}"
EndProject
Project("{9A19103F-16F7-4668-BE54-9A1E7A4F7556}") = "Função = divisores entre 0 e o nº", "Função = divisores entre 0 e o nº\Função = divisores entre 0 e o nº.csproj", "{1FCF87ED-D815-4677-8784-8BA0E715B7B6}"
EndProject
Project("{9A19103F-16F7-4668-BE54-9A1E7A4F7556}") = "Função tipo bool que passaram", "Função tipo bool que passaram\Função tipo bool que passaram.csproj", "{4857B40F-8E50-4812-93F1-1C3A64136F0D}"
EndProject
Project("{9A19103F-16F7-4668-BE54-9A1E7A4F7556}") = "3 notas de 10 alunos", "3 notas de 10 alunos\3 notas de 10 alunos.csproj", "{7B3238CE-30B9-48A3-AFCB-4F1DED1AE64C}"
EndProject
Project("{9A19103F-16F7-4668-BE54-9A1E7A4F7556}") = "Array de 10 posições em ordem inversa", "Array de 10 posições em ordem inversa\Array de 10 posições em ordem inversa.csproj", "{3783C24E-737F-48F6-BEB8-B926B8F6860D}"
EndProject
Project("{9A19103F-16F7-4668-BE54-9A1E7A4F7556}") = "MMC", "MDC\MMC.csproj", "{1C24745F-EC88-47A5-81EB-F28985D02F4D}"
EndProject
Project("{9A19103F-16F7-4668-BE54-9A1E7A4F7556}") = "Jogo de adivinhar o número", "Jogo de adivinhar o número\Jogo de adivinhar o número.csproj", "{47982009-547A-409F-96D1-D098CFBE79E6}"
EndProject
Project("{FAE04EC0-301F-11D3-BF4B-00C04F79EFBC}") = "MDC", "MDC\MDC.csproj", "{7066BEF5-95E4-4ACE-BD2E-433550C2691E}"
EndProject
Global
	GlobalSection(SolutionConfigurationPlatforms) = preSolution
		Debug|Any CPU = Debug|Any CPU
		Release|Any CPU = Release|Any CPU
	EndGlobalSection
	GlobalSection(ProjectConfigurationPlatforms) = postSolution
		{0F288F28-0248-4357-8F2D-8FC141309CE6}.Debug|Any CPU.ActiveCfg = Debug|Any CPU
		{0F288F28-0248-4357-8F2D-8FC141309CE6}.Debug|Any CPU.Build.0 = Debug|Any CPU
		{0F288F28-0248-4357-8F2D-8FC141309CE6}.Release|Any CPU.ActiveCfg = Release|Any CPU
		{0F288F28-0248-4357-8F2D-8FC141309CE6}.Release|Any CPU.Build.0 = Release|Any CPU
		{F7E2E798-85A5-47C7-AF68-DF59A85267F8}.Debug|Any CPU.ActiveCfg = Debug|Any CPU
		{F7E2E798-85A5-47C7-AF68-DF59A85267F8}.Debug|Any CPU.Build.0 = Debug|Any CPU
		{F7E2E798-85A5-47C7-AF68-DF59A85267F8}.Release|Any CPU.ActiveCfg = Release|Any CPU
		{F7E2E798-85A5-47C7-AF68-DF59A85267F8}.Release|Any CPU.Build.0 = Release|Any CPU
		{E7C2BFC0-2ADC-4373-B7A2-82EAE59AA11B}.Debug|Any CPU.ActiveCfg = Debug|Any CPU
		{E7C2BFC0-2ADC-4373-B7A2-82EAE59AA11B}.Debug|Any CPU.Build.0 = Debug|Any CPU
		{E7C2BFC0-2ADC-4373-B7A2-82EAE59AA11B}.Release|Any CPU.ActiveCfg = Release|Any CPU
		{E7C2BFC0-2ADC-4373-B7A2-82EAE59AA11B}.Release|Any CPU.Build.0 = Release|Any CPU
		{4F2191C4-E2D6-4667-A6F7-08DF51FB4432}.Debug|Any CPU.ActiveCfg = Debug|Any CPU
		{4F2191C4-E2D6-4667-A6F7-08DF51FB4432}.Debug|Any CPU.Build.0 = Debug|Any CPU
		{4F2191C4-E2D6-4667-A6F7-08DF51FB4432}.Release|Any CPU.ActiveCfg = Release|Any CPU
		{4F2191C4-E2D6-4667-A6F7-08DF51FB4432}.Release|Any CPU.Build.0 = Release|Any CPU
		{8F1C6FC8-0253-4E36-8ADA-C047355ECE38}.Debug|Any CPU.ActiveCfg = Debug|Any CPU
		{8F1C6FC8-0253-4E36-8ADA-C047355ECE38}.Debug|Any CPU.Build.0 = Debug|Any CPU
		{8F1C6FC8-0253-4E36-8ADA-C047355ECE38}.Release|Any CPU.ActiveCfg = Release|Any CPU
		{8F1C6FC8-0253-4E36-8ADA-C047355ECE38}.Release|Any CPU.Build.0 = Release|Any CPU
		{6A9F4509-BA26-4756-B52D-8C75A9789C4E}.Debug|Any CPU.ActiveCfg = Debug|Any CPU
		{6A9F4509-BA26-4756-B52D-8C75A9789C4E}.Debug|Any CPU.Build.0 = Debug|Any CPU
		{6A9F4509-BA26-4756-B52D-8C75A9789C4E}.Release|Any CPU.ActiveCfg = Release|Any CPU
		{6A9F4509-BA26-4756-B52D-8C75A9789C4E}.Release|Any CPU.Build.0 = Release|Any CPU
		{A1BB7B77-F5D1-485B-A2D1-FE8236614E05}.Debug|Any CPU.ActiveCfg = Debug|Any CPU
		{A1BB7B77-F5D1-485B-A2D1-FE8236614E05}.Debug|Any CPU.Build.0 = Debug|Any CPU
		{A1BB7B77-F5D1-485B-A2D1-FE8236614E05}.Release|Any CPU.ActiveCfg = Release|Any CPU
		{A1BB7B77-F5D1-485B-A2D1-FE8236614E05}.Release|Any CPU.Build.0 = Release|Any CPU
		{AEC01DCD-1926-4EDA-895C-2771D66FC9C6}.Debug|Any CPU.ActiveCfg = Debug|Any CPU
		{AEC01DCD-1926-4EDA-895C-2771D66FC9C6}.Debug|Any CPU.Build.0 = Debug|Any CPU
		{AEC01DCD-1926-4EDA-895C-2771D66FC9C6}.Release|Any CPU.ActiveCfg = Release|Any CPU
		{AEC01DCD-1926-4EDA-895C-2771D66FC9C6}.Release|Any CPU.Build.0 = Release|Any CPU
		{7C3B0B07-A8D9-439F-9B8E-29A99315BEF5}.Debug|Any CPU.ActiveCfg = Debug|Any CPU
		{7C3B0B07-A8D9-439F-9B8E-29A99315BEF5}.Debug|Any CPU.Build.0 = Debug|Any CPU
		{7C3B0B07-A8D9-439F-9B8E-29A99315BEF5}.Release|Any CPU.ActiveCfg = Release|Any CPU
		{7C3B0B07-A8D9-439F-9B8E-29A99315BEF5}.Release|Any CPU.Build.0 = Release|Any CPU
		{684E1B7D-2950-4D35-A14A-342A2DE80552}.Debug|Any CPU.ActiveCfg = Debug|Any CPU
		{684E1B7D-2950-4D35-A14A-342A2DE80552}.Debug|Any CPU.Build.0 = Debug|Any CPU
		{684E1B7D-2950-4D35-A14A-342A2DE80552}.Release|Any CPU.ActiveCfg = Release|Any CPU
		{684E1B7D-2950-4D35-A14A-342A2DE80552}.Release|Any CPU.Build.0 = Release|Any CPU
		{5F105B52-1576-49A2-AF78-FC0377F91FCE}.Debug|Any CPU.ActiveCfg = Debug|Any CPU
		{5F105B52-1576-49A2-AF78-FC0377F91FCE}.Debug|Any CPU.Build.0 = Debug|Any CPU
		{5F105B52-1576-49A2-AF78-FC0377F91FCE}.Release|Any CPU.ActiveCfg = Release|Any CPU
		{5F105B52-1576-49A2-AF78-FC0377F91FCE}.Release|Any CPU.Build.0 = Release|Any CPU
		{0C7C2271-C5AE-4A7A-876F-29A27A22FFBD}.Debug|Any CPU.ActiveCfg = Debug|Any CPU
		{0C7C2271-C5AE-4A7A-876F-29A27A22FFBD}.Debug|Any CPU.Build.0 = Debug|Any CPU
		{0C7C2271-C5AE-4A7A-876F-29A27A22FFBD}.Release|Any CPU.ActiveCfg = Release|Any CPU
		{0C7C2271-C5AE-4A7A-876F-29A27A22FFBD}.Release|Any CPU.Build.0 = Release|Any CPU
		{9791BB81-B892-4444-88B6-9BFA48C26F76}.Debug|Any CPU.ActiveCfg = Debug|Any CPU
		{9791BB81-B892-4444-88B6-9BFA48C26F76}.Debug|Any CPU.Build.0 = Debug|Any CPU
		{9791BB81-B892-4444-88B6-9BFA48C26F76}.Release|Any CPU.ActiveCfg = Release|Any CPU
		{9791BB81-B892-4444-88B6-9BFA48C26F76}.Release|Any CPU.Build.0 = Release|Any CPU
		{693AAAC3-EF40-4FCC-B5EB-19612909F05F}.Debug|Any CPU.ActiveCfg = Debug|Any CPU
		{693AAAC3-EF40-4FCC-B5EB-19612909F05F}.Debug|Any CPU.Build.0 = Debug|Any CPU
		{693AAAC3-EF40-4FCC-B5EB-19612909F05F}.Release|Any CPU.ActiveCfg = Release|Any CPU
		{693AAAC3-EF40-4FCC-B5EB-19612909F05F}.Release|Any CPU.Build.0 = Release|Any CPU
		{6E598DAE-2B18-4DBB-8049-BA9F32DF3B88}.Debug|Any CPU.ActiveCfg = Debug|Any CPU
		{6E598DAE-2B18-4DBB-8049-BA9F32DF3B88}.Debug|Any CPU.Build.0 = Debug|Any CPU
		{6E598DAE-2B18-4DBB-8049-BA9F32DF3B88}.Release|Any CPU.ActiveCfg = Release|Any CPU
		{6E598DAE-2B18-4DBB-8049-BA9F32DF3B88}.Release|Any CPU.Build.0 = Release|Any CPU
		{6F0D0343-EF34-4C7E-927F-5C4C907E9343}.Debug|Any CPU.ActiveCfg = Debug|Any CPU
		{6F0D0343-EF34-4C7E-927F-5C4C907E9343}.Debug|Any CPU.Build.0 = Debug|Any CPU
		{6F0D0343-EF34-4C7E-927F-5C4C907E9343}.Release|Any CPU.ActiveCfg = Release|Any CPU
		{6F0D0343-EF34-4C7E-927F-5C4C907E9343}.Release|Any CPU.Build.0 = Release|Any CPU
		{7AB0D874-C325-4125-B570-490DED0FD1D5}.Debug|Any CPU.ActiveCfg = Debug|Any CPU
		{7AB0D874-C325-4125-B570-490DED0FD1D5}.Debug|Any CPU.Build.0 = Debug|Any CPU
		{7AB0D874-C325-4125-B570-490DED0FD1D5}.Release|Any CPU.ActiveCfg = Release|Any CPU
		{7AB0D874-C325-4125-B570-490DED0FD1D5}.Release|Any CPU.Build.0 = Release|Any CPU
		{144B4E6E-C0CF-44FC-A550-BAA36D33F06D}.Debug|Any CPU.ActiveCfg = Debug|Any CPU
		{144B4E6E-C0CF-44FC-A550-BAA36D33F06D}.Debug|Any CPU.Build.0 = Debug|Any CPU
		{144B4E6E-C0CF-44FC-A550-BAA36D33F06D}.Release|Any CPU.ActiveCfg = Release|Any CPU
		{144B4E6E-C0CF-44FC-A550-BAA36D33F06D}.Release|Any CPU.Build.0 = Release|Any CPU
		{1FCF87ED-D815-4677-8784-8BA0E715B7B6}.Debug|Any CPU.ActiveCfg = Debug|Any CPU
		{1FCF87ED-D815-4677-8784-8BA0E715B7B6}.Debug|Any CPU.Build.0 = Debug|Any CPU
		{1FCF87ED-D815-4677-8784-8BA0E715B7B6}.Release|Any CPU.ActiveCfg = Release|Any CPU
		{1FCF87ED-D815-4677-8784-8BA0E715B7B6}.Release|Any CPU.Build.0 = Release|Any CPU
		{4857B40F-8E50-4812-93F1-1C3A64136F0D}.Debug|Any CPU.ActiveCfg = Debug|Any CPU
		{4857B40F-8E50-4812-93F1-1C3A64136F0D}.Debug|Any CPU.Build.0 = Debug|Any CPU
		{4857B40F-8E50-4812-93F1-1C3A64136F0D}.Release|Any CPU.ActiveCfg = Release|Any CPU
		{4857B40F-8E50-4812-93F1-1C3A64136F0D}.Release|Any CPU.Build.0 = Release|Any CPU
		{7B3238CE-30B9-48A3-AFCB-4F1DED1AE64C}.Debug|Any CPU.ActiveCfg = Debug|Any CPU
		{7B3238CE-30B9-48A3-AFCB-4F1DED1AE64C}.Debug|Any CPU.Build.0 = Debug|Any CPU
		{7B3238CE-30B9-48A3-AFCB-4F1DED1AE64C}.Release|Any CPU.ActiveCfg = Release|Any CPU
		{7B3238CE-30B9-48A3-AFCB-4F1DED1AE64C}.Release|Any CPU.Build.0 = Release|Any CPU
		{3783C24E-737F-48F6-BEB8-B926B8F6860D}.Debug|Any CPU.ActiveCfg = Debug|Any CPU
		{3783C24E-737F-48F6-BEB8-B926B8F6860D}.Debug|Any CPU.Build.0 = Debug|Any CPU
		{3783C24E-737F-48F6-BEB8-B926B8F6860D}.Release|Any CPU.ActiveCfg = Release|Any CPU
		{3783C24E-737F-48F6-BEB8-B926B8F6860D}.Release|Any CPU.Build.0 = Release|Any CPU
		{1C24745F-EC88-47A5-81EB-F28985D02F4D}.Debug|Any CPU.ActiveCfg = Debug|Any CPU
		{1C24745F-EC88-47A5-81EB-F28985D02F4D}.Debug|Any CPU.Build.0 = Debug|Any CPU
		{1C24745F-EC88-47A5-81EB-F28985D02F4D}.Release|Any CPU.ActiveCfg = Release|Any CPU
		{1C24745F-EC88-47A5-81EB-F28985D02F4D}.Release|Any CPU.Build.0 = Release|Any CPU
		{47982009-547A-409F-96D1-D098CFBE79E6}.Debug|Any CPU.ActiveCfg = Debug|Any CPU
		{47982009-547A-409F-96D1-D098CFBE79E6}.Debug|Any CPU.Build.0 = Debug|Any CPU
		{47982009-547A-409F-96D1-D098CFBE79E6}.Release|Any CPU.ActiveCfg = Release|Any CPU
		{47982009-547A-409F-96D1-D098CFBE79E6}.Release|Any CPU.Build.0 = Release|Any CPU
		{7066BEF5-95E4-4ACE-BD2E-433550C2691E}.Debug|Any CPU.ActiveCfg = Debug|Any CPU
		{7066BEF5-95E4-4ACE-BD2E-433550C2691E}.Debug|Any CPU.Build.0 = Debug|Any CPU
		{7066BEF5-95E4-4ACE-BD2E-433550C2691E}.Release|Any CPU.ActiveCfg = Release|Any CPU
		{7066BEF5-95E4-4ACE-BD2E-433550C2691E}.Release|Any CPU.Build.0 = Release|Any CPU
	EndGlobalSection
	GlobalSection(SolutionProperties) = preSolution
		HideSolutionNode = FALSE
	EndGlobalSection
	GlobalSection(ExtensibilityGlobals) = postSolution
		SolutionGuid = {4C76785D-E52B-4BB9-A626-3ADD796A313F}
	EndGlobalSection
EndGlobal
