
Microsoft Visual Studio Solution File, Format Version 12.00
# Visual Studio Version 16
VisualStudioVersion = 16.0.32407.337
MinimumVisualStudioVersion = 10.0.40219.1
Project("{9A19103F-16F7-4668-BE54-9A1E7A4F7556}") = "Gubio", "Gubio\Gubio.csproj", "{5BA6042A-2D23-430F-8A29-8281494166BA}"
EndProject
Project("{FAE04EC0-301F-11D3-BF4B-00C04F79EFBC}") = "2", "2\2.csproj", "{8E78B0A2-0761-4447-917D-230D80A51021}"
EndProject
Global
	GlobalSection(SolutionConfigurationPlatforms) = preSolution
		Debug|Any CPU = Debug|Any CPU
		Release|Any CPU = Release|Any CPU
	EndGlobalSection
	GlobalSection(ProjectConfigurationPlatforms) = postSolution
		{5BA6042A-2D23-430F-8A29-8281494166BA}.Debug|Any CPU.ActiveCfg = Debug|Any CPU
		{5BA6042A-2D23-430F-8A29-8281494166BA}.Debug|Any CPU.Build.0 = Debug|Any CPU
		{5BA6042A-2D23-430F-8A29-8281494166BA}.Release|Any CPU.ActiveCfg = Release|Any CPU
		{5BA6042A-2D23-430F-8A29-8281494166BA}.Release|Any CPU.Build.0 = Release|Any CPU
		{8E78B0A2-0761-4447-917D-230D80A51021}.Debug|Any CPU.ActiveCfg = Debug|Any CPU
		{8E78B0A2-0761-4447-917D-230D80A51021}.Debug|Any CPU.Build.0 = Debug|Any CPU
		{8E78B0A2-0761-4447-917D-230D80A51021}.Release|Any CPU.ActiveCfg = Release|Any CPU
		{8E78B0A2-0761-4447-917D-230D80A51021}.Release|Any CPU.Build.0 = Release|Any CPU
	EndGlobalSection
	GlobalSection(SolutionProperties) = preSolution
		HideSolutionNode = FALSE
	EndGlobalSection
	GlobalSection(ExtensibilityGlobals) = postSolution
		SolutionGuid = {20DB11EE-929A-4622-B45A-ED6AD3E1E55B}
	EndGlobalSection
EndGlobal
